// !$*UTF8*$!
{
	archiveVersion = 1;
	classes = {
	};
	objectVersion = 48;
	objects = {

/* Begin PBXBuildFile section */
		2523166F1EF71675008E3527 /* AppDelegate.swift in Sources */ = {isa = PBXBuildFile; fileRef = 2523166E1EF71675008E3527 /* AppDelegate.swift */; };
		252316711EF71675008E3527 /* ViewController.swift in Sources */ = {isa = PBXBuildFile; fileRef = 252316701EF71675008E3527 /* ViewController.swift */; };
		252316741EF71675008E3527 /* Main.storyboard in Resources */ = {isa = PBXBuildFile; fileRef = 252316721EF71675008E3527 /* Main.storyboard */; };
		252316761EF71675008E3527 /* Assets.xcassets in Resources */ = {isa = PBXBuildFile; fileRef = 252316751EF71675008E3527 /* Assets.xcassets */; };
		252316791EF71675008E3527 /* LaunchScreen.storyboard in Resources */ = {isa = PBXBuildFile; fileRef = 252316771EF71675008E3527 /* LaunchScreen.storyboard */; };
		259082C91F1295FE00548D18 /* MNIST.mlmodel in Sources */ = {isa = PBXBuildFile; fileRef = 259082C81F1295FB00548D18 /* MNIST.mlmodel */; };
/* End PBXBuildFile section */

/* Begin PBXFileReference section */
		2523166B1EF71675008E3527 /* MNISTPrediction.app */ = {isa = PBXFileReference; explicitFileType = wrapper.application; includeInIndex = 0; path = MNISTPrediction.app; sourceTree = BUILT_PRODUCTS_DIR; };
		2523166E1EF71675008E3527 /* AppDelegate.swift */ = {isa = PBXFileReference; lastKnownFileType = sourcecode.swift; path = AppDelegate.swift; sourceTree = "<group>"; };
		252316701EF71675008E3527 /* ViewController.swift */ = {isa = PBXFileReference; lastKnownFileType = sourcecode.swift; path = ViewController.swift; sourceTree = "<group>"; };
		252316731EF71675008E3527 /* Base */ = {isa = PBXFileReference; lastKnownFileType = file.storyboard; name = Base; path = Base.lproj/Main.storyboard; sourceTree = "<group>"; };
		252316751EF71675008E3527 /* Assets.xcassets */ = {isa = PBXFileReference; lastKnownFileType = folder.assetcatalog; path = Assets.xcassets; sourceTree = "<group>"; };
		252316781EF71675008E3527 /* Base */ = {isa = PBXFileReference; lastKnownFileType = file.storyboard; name = Base; path = Base.lproj/LaunchScreen.storyboard; sourceTree = "<group>"; };
		2523167A1EF71675008E3527 /* Info.plist */ = {isa = PBXFileReference; lastKnownFileType = text.plist.xml; path = Info.plist; sourceTree = "<group>"; };
		259082C81F1295FB00548D18 /* MNIST.mlmodel */ = {isa = PBXFileReference; lastKnownFileType = file.mlmodel; path = MNIST.mlmodel; sourceTree = "<group>"; };
/* End PBXFileReference section */

/* Begin PBXFrameworksBuildPhase section */
		252316681EF71675008E3527 /* Frameworks */ = {
			isa = PBXFrameworksBuildPhase;
			buildActionMask = 2147483647;
			files = (
			);
			runOnlyForDeploymentPostprocessing = 0;
		};
/* End PBXFrameworksBuildPhase section */

/* Begin PBXGroup section */
		252316621EF71675008E3527 = {
			isa = PBXGroup;
			children = (
				2523166D1EF71675008E3527 /* MNISTPrediction */,
				2523166C1EF71675008E3527 /* Products */,
			);
			sourceTree = "<group>";
		};
		2523166C1EF71675008E3527 /* Products */ = {
			isa = PBXGroup;
			children = (
				2523166B1EF71675008E3527 /* MNISTPrediction.app */,
			);
			name = Products;
			sourceTree = "<group>";
		};
		2523166D1EF71675008E3527 /* MNISTPrediction */ = {
			isa = PBXGroup;
			children = (
				259082C81F1295FB00548D18 /* MNIST.mlmodel */,
				2523166E1EF71675008E3527 /* AppDelegate.swift */,
				252316701EF71675008E3527 /* ViewController.swift */,
				252316721EF71675008E3527 /* Main.storyboard */,
				252316751EF71675008E3527 /* Assets.xcassets */,
				252316771EF71675008E3527 /* LaunchScreen.storyboard */,
				2523167A1EF71675008E3527 /* Info.plist */,
			);
			path = MNISTPrediction;
			sourceTree = "<group>";
		};
/* End PBXGroup section */

/* Begin PBXNativeTarget section */
		2523166A1EF71675008E3527 /* MNISTPrediction */ = {
			isa = PBXNativeTarget;
			buildConfigurationList = 2523167D1EF71675008E3527 /* Build configuration list for PBXNativeTarget "MNISTPrediction" */;
			buildPhases = (
				252316671EF71675008E3527 /* Sources */,
				252316681EF71675008E3527 /* Frameworks */,
				252316691EF71675008E3527 /* Resources */,
			);
			buildRules = (
			);
			dependencies = (
			);
			name = MNISTPrediction;
			productName = MNISTPrediction;
			productReference = 2523166B1EF71675008E3527 /* MNISTPrediction.app */;
			productType = "com.apple.product-type.application";
		};
/* End PBXNativeTarget section */

/* Begin PBXProject section */
		252316631EF71675008E3527 /* Project object */ = {
			isa = PBXProject;
			attributes = {
				LastSwiftUpdateCheck = 0900;
				LastUpgradeCheck = 0900;
				ORGANIZATIONNAME = "Philipp Gabriel";
				TargetAttributes = {
					2523166A1EF71675008E3527 = {
						CreatedOnToolsVersion = 9.0;
					};
				};
			};
			buildConfigurationList = 252316661EF71675008E3527 /* Build configuration list for PBXProject "MNISTPrediction" */;
			compatibilityVersion = "Xcode 8.0";
			developmentRegion = en;
			hasScannedForEncodings = 0;
			knownRegions = (
				en,
				Base,
			);
			mainGroup = 252316621EF71675008E3527;
			productRefGroup = 2523166C1EF71675008E3527 /* Products */;
			projectDirPath = "";
			projectRoot = "";
			targets = (
				2523166A1EF71675008E3527 /* MNISTPrediction */,
			);
		};
/* End PBXProject section */

/* Begin PBXResourcesBuildPhase section */
		252316691EF71675008E3527 /* Resources */ = {
			isa = PBXResourcesBuildPhase;
			buildActionMask = 2147483647;
			files = (
				252316791EF71675008E3527 /* LaunchScreen.storyboard in Resources */,
				252316761EF71675008E3527 /* Assets.xcassets in Resources */,
				252316741EF71675008E3527 /* Main.storyboard in Resources */,
			);
			runOnlyForDeploymentPostprocessing = 0;
		};
/* End PBXResourcesBuildPhase section */

/* Begin PBXSourcesBuildPhase section */
		252316671EF71675008E3527 /* Sources */ = {
			isa = PBXSourcesBuildPhase;
			buildActionMask = 2147483647;
			files = (
				259082C91F1295FE00548D18 /* MNIST.mlmodel in Sources */,
				252316711EF71675008E3527 /* ViewController.swift in Sources */,
				2523166F1EF71675008E3527 /* AppDelegate.swift in Sources */,
			);
			runOnlyForDeploymentPostprocessing = 0;
		};
/* End PBXSourcesBuildPhase section */

/* Begin PBXVariantGroup section */
		252316721EF71675008E3527 /* Main.storyboard */ = {
			isa = PBXVariantGroup;
			children = (
				252316731EF71675008E3527 /* Base */,
			);
			name = Main.storyboard;
			sourceTree = "<group>";
		};
		252316771EF71675008E3527 /* LaunchScreen.storyboard */ = {
			isa = PBXVariantGroup;
			children = (
				252316781EF71675008E3527 /* Base */,
			);
			name = LaunchScreen.storyboard;
			sourceTree = "<group>";
		};
/* End PBXVariantGroup section */

/* Begin XCBuildConfiguration section */
		2523167B1EF71675008E3527 /* Debug */ = {
			isa = XCBuildConfiguration;
			buildSettings = {
				ALWAYS_SEARCH_USER_PATHS = NO;
				CLANG_ANALYZER_NONNULL = YES;
				CLANG_ANALYZER_NUMBER_OBJECT_CONVERSION = YES_AGGRESSIVE;
				CLANG_CXX_LANGUAGE_STANDARD = "gnu++14";
				CLANG_CXX_LIBRARY = "libc++";
				CLANG_ENABLE_MODULES = YES;
				CLANG_ENABLE_OBJC_ARC = YES;
				CLANG_WARN_BLOCK_CAPTURE_AUTORELEASING = YES;
				CLANG_WARN_BOOL_CONVERSION = YES;
				CLANG_WARN_COMMA = YES;
				CLANG_WARN_CONSTANT_CONVERSION = YES;
				CLANG_WARN_DIRECT_OBJC_ISA_USAGE = YES_ERROR;
				CLANG_WARN_DOCUMENTATION_COMMENTS = YES;
				CLANG_WARN_EMPTY_BODY = YES;
				CLANG_WARN_ENUM_CONVERSION = YES;
				CLANG_WARN_INFINITE_RECURSION = YES;
				CLANG_WARN_INT_CONVERSION = YES;
				CLANG_WARN_OBJC_ROOT_CLASS = YES_ERROR;
				CLANG_WARN_RANGE_LOOP_ANALYSIS = YES;
				CLANG_WARN_STRICT_PROTOTYPES = YES;
				CLANG_WARN_SUSPICIOUS_MOVE = YES;
				CLANG_WARN_UNGUARDED_AVAILABILITY = YES_AGGRESSIVE;
				CLANG_WARN_UNREACHABLE_CODE = YES;
				CLANG_WARN__DUPLICATE_METHOD_MATCH = YES;
				CODE_SIGN_IDENTITY = "iPhone Developer";
				COPY_PHASE_STRIP = NO;
				DEBUG_INFORMATION_FORMAT = dwarf;
				ENABLE_STRICT_OBJC_MSGSEND = YES;
				ENABLE_TESTABILITY = YES;
				GCC_C_LANGUAGE_STANDARD = gnu11;
				GCC_DYNAMIC_NO_PIC = NO;
				GCC_NO_COMMON_BLOCKS = YES;
				GCC_OPTIMIZATION_LEVEL = 0;
				GCC_PREPROCESSOR_DEFINITIONS = (
					"DEBUG=1",
					"$(inherited)",
				);
				GCC_WARN_64_TO_32_BIT_CONVERSION = YES;
				GCC_WARN_ABOUT_RETURN_TYPE = YES_ERROR;
				GCC_WARN_UNDECLARED_SELECTOR = YES;
				GCC_WARN_UNINITIALIZED_AUTOS = YES_AGGRESSIVE;
				GCC_WARN_UNUSED_FUNCTION = YES;
				GCC_WARN_UNUSED_VARIABLE = YES;
				IPHONEOS_DEPLOYMENT_TARGET = 11.0;
				MTL_ENABLE_DEBUG_INFO = YES;
				ONLY_ACTIVE_ARCH = YES;
				SDKROOT = iphoneos;
				SWIFT_ACTIVE_COMPILATION_CONDITIONS = DEBUG;
				SWIFT_OPTIMIZATION_LEVEL = "-Onone";
			};
			name = Debug;
		};
		2523167C1EF71675008E3527 /* Release */ = {
			isa = XCBuildConfiguration;
			buildSettings = {
				ALWAYS_SEARCH_USER_PATHS = NO;
				CLANG_ANALYZER_NONNULL = YES;
				CLANG_ANALYZER_NUMBER_OBJECT_CONVERSION = YES_AGGRESSIVE;
				CLANG_CXX_LANGUAGE_STANDARD = "gnu++14";
				CLANG_CXX_LIBRARY = "libc++";
				CLANG_ENABLE_MODULES = YES;
				CLANG_ENABLE_OBJC_ARC = YES;
				CLANG_WARN_BLOCK_CAPTURE_AUTORELEASING = YES;
				CLANG_WARN_BOOL_CONVERSION = YES;
				CLANG_WARN_COMMA = YES;
				CLANG_WARN_CONSTANT_CONVERSION = YES;
				CLANG_WARN_DIRECT_OBJC_ISA_USAGE = YES_ERROR;
				CLANG_WARN_DOCUMENTATION_COMMENTS = YES;
				CLANG_WARN_EMPTY_BODY = YES;
				CLANG_WARN_ENUM_CONVERSION = YES;
				CLANG_WARN_INFINITE_RECURSION = YES;
				CLANG_WARN_INT_CONVERSION = YES;
				CLANG_WARN_OBJC_ROOT_CLASS = YES_ERROR;
				CLANG_WARN_RANGE_LOOP_ANALYSIS = YES;
				CLANG_WARN_STRICT_PROTOTYPES = YES;
				CLANG_WARN_SUSPICIOUS_MOVE = YES;
				CLANG_WARN_UNGUARDED_AVAILABILITY = YES_AGGRESSIVE;
				CLANG_WARN_UNREACHABLE_CODE = YES;
				CLANG_WARN__DUPLICATE_METHOD_MATCH = YES;
				CODE_SIGN_IDENTITY = "iPhone Developer";
				COPY_PHASE_STRIP = NO;
				DEBUG_INFORMATION_FORMAT = "dwarf-with-dsym";
				ENABLE_NS_ASSERTIONS = NO;
				ENABLE_STRICT_OBJC_MSGSEND = YES;
				GCC_C_LANGUAGE_STANDARD = gnu11;
				GCC_NO_COMMON_BLOCKS = YES;
				GCC_WARN_64_TO_32_BIT_CONVERSION = YES;
				GCC_WARN_ABOUT_RETURN_TYPE = YES_ERROR;
				GCC_WARN_UNDECLARED_SELECTOR = YES;
				GCC_WARN_UNINITIALIZED_AUTOS = YES_AGGRESSIVE;
				GCC_WARN_UNUSED_FUNCTION = YES;
				GCC_WARN_UNUSED_VARIABLE = YES;
				IPHONEOS_DEPLOYMENT_TARGET = 11.0;
				MTL_ENABLE_DEBUG_INFO = NO;
				SDKROOT = iphoneos;
				SWIFT_OPTIMIZATION_LEVEL = "-Owholemodule";
				VALIDATE_PRODUCT = YES;
			};
			name = Release;
		};
		2523167E1EF71675008E3527 /* Debug */ = {
			isa = XCBuildConfiguration;
			buildSettings = {
				ASSETCATALOG_COMPILER_APPICON_NAME = AppIcon;
				DEVELOPMENT_TEAM = Q5MZT8NG66;
				INFOPLIST_FILE = MNISTPrediction/Info.plist;
				LD_RUNPATH_SEARCH_PATHS = "$(inherited) @executable_path/Frameworks";
				PRODUCT_BUNDLE_IDENTIFIER = io.gbrl.MNISTPrediction;
				PRODUCT_NAME = "$(TARGET_NAME)";
				SWIFT_VERSION = 4.0;
				TARGETED_DEVICE_FAMILY = "1,2";
			};
			name = Debug;
		};
		2523167F1EF71675008E3527 /* Release */ = {
			isa = XCBuildConfiguration;
			buildSettings = {
				ASSETCATALOG_COMPILER_APPICON_NAME = AppIcon;
				DEVELOPMENT_TEAM = Q5MZT8NG66;
				INFOPLIST_FILE = MNISTPrediction/Info.plist;
				LD_RUNPATH_SEARCH_PATHS = "$(inherited) @executable_path/Frameworks";
				PRODUCT_BUNDLE_IDENTIFIER = io.gbrl.MNISTPrediction;
				PRODUCT_NAME = "$(TARGET_NAME)";
				SWIFT_VERSION = 4.0;
				TARGETED_DEVICE_FAMILY = "1,2";
			};
			name = Release;
		};
/* End XCBuildConfiguration section */

/* Begin XCConfigurationList section */
		252316661EF71675008E3527 /* Build configuration list for PBXProject "MNISTPrediction" */ = {
			isa = XCConfigurationList;
			buildConfigurations = (
				2523167B1EF71675008E3527 /* Debug */,
				2523167C1EF71675008E3527 /* Release */,
			);
			defaultConfigurationIsVisible = 0;
			defaultConfigurationName = Release;
		};
		2523167D1EF71675008E3527 /* Build configuration list for PBXNativeTarget "MNISTPrediction" */ = {
			isa = XCConfigurationList;
			buildConfigurations = (
				2523167E1EF71675008E3527 /* Debug */,
				2523167F1EF71675008E3527 /* Release */,
			);
			defaultConfigurationIsVisible = 0;
			defaultConfigurationName = Release;
		};
/* End XCConfigurationList section */
	};
	rootObject = 252316631EF71675008E3527 /* Project object */;
}
